
Microsoft Visual Studio Solution File, Format Version 12.00
# Visual Studio Version 17
VisualStudioVersion = 17.3.32922.545
MinimumVisualStudioVersion = 10.0.40219.1
Project("{9A19103F-16F7-4668-BE54-9A1E7A4F7556}") = "DemoProject", "DemoProject\DemoProject.csproj", "{0385CAFE-D649-41A4-B297-C9046EDBA45F}"
EndProject
Project("{9A19103F-16F7-4668-BE54-9A1E7A4F7556}") = "DemoProject.Tests", "DemoProject.Tests\DemoProject.Tests.csproj", "{CDB0AC67-170C-4C19-B57E-B421BB9BABB8}"
EndProject
Global
	GlobalSection(SolutionConfigurationPlatforms) = preSolution
		Debug|Any CPU = Debug|Any CPU
		Release|Any CPU = Release|Any CPU
	EndGlobalSection
	GlobalSection(ProjectConfigurationPlatforms) = postSolution
		{0385CAFE-D649-41A4-B297-C9046EDBA45F}.Debug|Any CPU.ActiveCfg = Debug|Any CPU
		{0385CAFE-D649-41A4-B297-C9046EDBA45F}.Debug|Any CPU.Build.0 = Debug|Any CPU
		{0385CAFE-D649-41A4-B297-C9046EDBA45F}.Release|Any CPU.ActiveCfg = Release|Any CPU
		{0385CAFE-D649-41A4-B297-C9046EDBA45F}.Release|Any CPU.Build.0 = Release|Any CPU
		{CDB0AC67-170C-4C19-B57E-B421BB9BABB8}.Debug|Any CPU.ActiveCfg = Debug|Any CPU
		{CDB0AC67-170C-4C19-B57E-B421BB9BABB8}.Debug|Any CPU.Build.0 = Debug|Any CPU
		{CDB0AC67-170C-4C19-B57E-B421BB9BABB8}.Release|Any CPU.ActiveCfg = Release|Any CPU
		{CDB0AC67-170C-4C19-B57E-B421BB9BABB8}.Release|Any CPU.Build.0 = Release|Any CPU
	EndGlobalSection
	GlobalSection(SolutionProperties) = preSolution
		HideSolutionNode = FALSE
	EndGlobalSection
	GlobalSection(ExtensibilityGlobals) = postSolution
		SolutionGuid = {4257E13A-0123-4763-AA4D-5817069177A7}
	EndGlobalSection
EndGlobal
