
Microsoft Visual Studio Solution File, Format Version 12.00
# Visual Studio Version 17
VisualStudioVersion = 17.3.32901.215
MinimumVisualStudioVersion = 10.0.40219.1
Project("{FAE04EC0-301F-11D3-BF4B-00C04F79EFBC}") = "CoolFinancial.StockAnalyzer", "CoolFinancial.StockAnalyzer\CoolFinancial.StockAnalyzer.csproj", "{BF6F003E-CA00-418D-BB70-692D7D4DEA1E}"
EndProject
Project("{FAE04EC0-301F-11D3-BF4B-00C04F79EFBC}") = "CoolFinancial.UnitTests", "CoolFinancial.UnitTests\CoolFinancial.UnitTests.csproj", "{CA3F4BB7-4BAB-4135-8B9E-A57CE9E4DD26}"
EndProject
Global
	GlobalSection(SolutionConfigurationPlatforms) = preSolution
		Debug|Any CPU = Debug|Any CPU
		Release|Any CPU = Release|Any CPU
	EndGlobalSection
	GlobalSection(ProjectConfigurationPlatforms) = postSolution
		{BF6F003E-CA00-418D-BB70-692D7D4DEA1E}.Debug|Any CPU.ActiveCfg = Debug|Any CPU
		{BF6F003E-CA00-418D-BB70-692D7D4DEA1E}.Debug|Any CPU.Build.0 = Debug|Any CPU
		{BF6F003E-CA00-418D-BB70-692D7D4DEA1E}.Release|Any CPU.ActiveCfg = Release|Any CPU
		{BF6F003E-CA00-418D-BB70-692D7D4DEA1E}.Release|Any CPU.Build.0 = Release|Any CPU
		{CA3F4BB7-4BAB-4135-8B9E-A57CE9E4DD26}.Debug|Any CPU.ActiveCfg = Debug|Any CPU
		{CA3F4BB7-4BAB-4135-8B9E-A57CE9E4DD26}.Debug|Any CPU.Build.0 = Debug|Any CPU
		{CA3F4BB7-4BAB-4135-8B9E-A57CE9E4DD26}.Release|Any CPU.ActiveCfg = Release|Any CPU
		{CA3F4BB7-4BAB-4135-8B9E-A57CE9E4DD26}.Release|Any CPU.Build.0 = Release|Any CPU
	EndGlobalSection
	GlobalSection(SolutionProperties) = preSolution
		HideSolutionNode = FALSE
	EndGlobalSection
	GlobalSection(ExtensibilityGlobals) = postSolution
		SolutionGuid = {0B682654-6487-40CC-98B8-6805A2C0599D}
	EndGlobalSection
EndGlobal
