
Microsoft Visual Studio Solution File, Format Version 12.00
# Visual Studio Version 17
VisualStudioVersion = 17.3.32901.215
MinimumVisualStudioVersion = 10.0.40219.1
Project("{FAE04EC0-301F-11D3-BF4B-00C04F79EFBC}") = "NUnit.Money", "NUnit.Money\NUnit.Money.csproj", "{2CFD1AE0-FE33-42B9-B5A9-9E5571D02842}"
EndProject
Project("{FAE04EC0-301F-11D3-BF4B-00C04F79EFBC}") = "NUnit.Money.Tests", "NUnit.Money.Tests\NUnit.Money.Tests.csproj", "{6EBAE768-537B-40CF-9E69-652EB3573AFE}"
EndProject
Global
	GlobalSection(SolutionConfigurationPlatforms) = preSolution
		Debug|Any CPU = Debug|Any CPU
		Release|Any CPU = Release|Any CPU
	EndGlobalSection
	GlobalSection(ProjectConfigurationPlatforms) = postSolution
		{2CFD1AE0-FE33-42B9-B5A9-9E5571D02842}.Debug|Any CPU.ActiveCfg = Debug|Any CPU
		{2CFD1AE0-FE33-42B9-B5A9-9E5571D02842}.Debug|Any CPU.Build.0 = Debug|Any CPU
		{2CFD1AE0-FE33-42B9-B5A9-9E5571D02842}.Release|Any CPU.ActiveCfg = Release|Any CPU
		{2CFD1AE0-FE33-42B9-B5A9-9E5571D02842}.Release|Any CPU.Build.0 = Release|Any CPU
		{6EBAE768-537B-40CF-9E69-652EB3573AFE}.Debug|Any CPU.ActiveCfg = Debug|Any CPU
		{6EBAE768-537B-40CF-9E69-652EB3573AFE}.Debug|Any CPU.Build.0 = Debug|Any CPU
		{6EBAE768-537B-40CF-9E69-652EB3573AFE}.Release|Any CPU.ActiveCfg = Release|Any CPU
		{6EBAE768-537B-40CF-9E69-652EB3573AFE}.Release|Any CPU.Build.0 = Release|Any CPU
	EndGlobalSection
	GlobalSection(SolutionProperties) = preSolution
		HideSolutionNode = FALSE
	EndGlobalSection
	GlobalSection(ExtensibilityGlobals) = postSolution
		SolutionGuid = {39C580D0-F339-4603-B61C-1DFBF8F10A7A}
	EndGlobalSection
EndGlobal
