
Microsoft Visual Studio Solution File, Format Version 12.00
# Visual Studio Version 17
VisualStudioVersion = 17.3.32901.215
MinimumVisualStudioVersion = 10.0.40219.1
Project("{FAE04EC0-301F-11D3-BF4B-00C04F79EFBC}") = "VersionManager", "VersionManager\VersionManager.csproj", "{F22FAA67-8CEA-4C02-8032-35C7969FDBC0}"
EndProject
Global
	GlobalSection(SolutionConfigurationPlatforms) = preSolution
		Debug|Any CPU = Debug|Any CPU
		Release|Any CPU = Release|Any CPU
	EndGlobalSection
	GlobalSection(ProjectConfigurationPlatforms) = postSolution
		{F22FAA67-8CEA-4C02-8032-35C7969FDBC0}.Debug|Any CPU.ActiveCfg = Debug|Any CPU
		{F22FAA67-8CEA-4C02-8032-35C7969FDBC0}.Debug|Any CPU.Build.0 = Debug|Any CPU
		{F22FAA67-8CEA-4C02-8032-35C7969FDBC0}.Release|Any CPU.ActiveCfg = Release|Any CPU
		{F22FAA67-8CEA-4C02-8032-35C7969FDBC0}.Release|Any CPU.Build.0 = Release|Any CPU
	EndGlobalSection
	GlobalSection(SolutionProperties) = preSolution
		HideSolutionNode = FALSE
	EndGlobalSection
	GlobalSection(ExtensibilityGlobals) = postSolution
		SolutionGuid = {77ACC6CE-832C-40D9-9E8C-EA5BF62E6DB0}
	EndGlobalSection
EndGlobal
